
Microsoft Visual Studio Solution File, Format Version 12.00
# Visual Studio Version 17
VisualStudioVersion = 17.14.36310.24
MinimumVisualStudioVersion = 10.0.40219.1
Project("{FAE04EC0-301F-11D3-BF4B-00C04F79EFBC}") = "ServerFilterPlugin", "ServerFilterPlugin.csproj", "{9D1FBD67-902E-426F-9226-A28C99BD4369}"
EndProject
Global
	GlobalSection(SolutionConfigurationPlatforms) = preSolution
		Debug|Any CPU = Debug|Any CPU
		Release|Any CPU = Release|Any CPU
	EndGlobalSection
	GlobalSection(ProjectConfigurationPlatforms) = postSolution
		{9D1FBD67-902E-426F-9226-A28C99BD4369}.Debug|Any CPU.ActiveCfg = Debug|Any CPU
		{9D1FBD67-902E-426F-9226-A28C99BD4369}.Debug|Any CPU.Build.0 = Debug|Any CPU
		{9D1FBD67-902E-426F-9226-A28C99BD4369}.Release|Any CPU.ActiveCfg = Release|Any CPU
		{9D1FBD67-902E-426F-9226-A28C99BD4369}.Release|Any CPU.Build.0 = Release|Any CPU
	EndGlobalSection
	GlobalSection(SolutionProperties) = preSolution
		HideSolutionNode = FALSE
	EndGlobalSection
	GlobalSection(ExtensibilityGlobals) = postSolution
		SolutionGuid = {3F8467F1-1BC7-48A2-97ED-D88F067C425B}
	EndGlobalSection
EndGlobal
